
Microsoft Visual Studio Solution File, Format Version 12.00
# Visual Studio Version 16
VisualStudioVersion = 16.0.29102.190
MinimumVisualStudioVersion = 10.0.40219.1
Project("{9A19103F-16F7-4668-BE54-9A1E7A4F7556}") = "ChatServerCore", "ChatServerCore\ChatServerCore.csproj", "{D2BD954F-8B38-480C-A607-0AED2182E5F1}"
EndProject
Project("{9A19103F-16F7-4668-BE54-9A1E7A4F7556}") = "ChatClientCore", "ChatClientCore\ChatClientCore.csproj", "{3A6A0EF4-4898-4A4F-A129-F020BC78A040}"
EndProject
Global
	GlobalSection(SolutionConfigurationPlatforms) = preSolution
		Debug|Any CPU = Debug|Any CPU
		Release|Any CPU = Release|Any CPU
	EndGlobalSection
	GlobalSection(ProjectConfigurationPlatforms) = postSolution
		{D2BD954F-8B38-480C-A607-0AED2182E5F1}.Debug|Any CPU.ActiveCfg = Debug|Any CPU
		{D2BD954F-8B38-480C-A607-0AED2182E5F1}.Debug|Any CPU.Build.0 = Debug|Any CPU
		{D2BD954F-8B38-480C-A607-0AED2182E5F1}.Release|Any CPU.ActiveCfg = Release|Any CPU
		{D2BD954F-8B38-480C-A607-0AED2182E5F1}.Release|Any CPU.Build.0 = Release|Any CPU
		{3A6A0EF4-4898-4A4F-A129-F020BC78A040}.Debug|Any CPU.ActiveCfg = Debug|Any CPU
		{3A6A0EF4-4898-4A4F-A129-F020BC78A040}.Debug|Any CPU.Build.0 = Debug|Any CPU
		{3A6A0EF4-4898-4A4F-A129-F020BC78A040}.Release|Any CPU.ActiveCfg = Release|Any CPU
		{3A6A0EF4-4898-4A4F-A129-F020BC78A040}.Release|Any CPU.Build.0 = Release|Any CPU
	EndGlobalSection
	GlobalSection(SolutionProperties) = preSolution
		HideSolutionNode = FALSE
	EndGlobalSection
	GlobalSection(ExtensibilityGlobals) = postSolution
		SolutionGuid = {063DEF2A-9374-4BB9-A593-A7AFB4A62559}
	EndGlobalSection
EndGlobal
